
Microsoft Visual Studio Solution File, Format Version 12.00
# Visual Studio Version 17
VisualStudioVersion = 17.8.34309.116
MinimumVisualStudioVersion = 10.0.40219.1
Project("{FAE04EC0-301F-11D3-BF4B-00C04F79EFBC}") = "UserBookToken", "UserBookToken\UserBookToken.csproj", "{199BB9CB-03D7-4B3E-9B02-764D6A5F570E}"
EndProject
Global
	GlobalSection(SolutionConfigurationPlatforms) = preSolution
		Debug|Any CPU = Debug|Any CPU
		Release|Any CPU = Release|Any CPU
	EndGlobalSection
	GlobalSection(ProjectConfigurationPlatforms) = postSolution
		{199BB9CB-03D7-4B3E-9B02-764D6A5F570E}.Debug|Any CPU.ActiveCfg = Debug|Any CPU
		{199BB9CB-03D7-4B3E-9B02-764D6A5F570E}.Debug|Any CPU.Build.0 = Debug|Any CPU
		{199BB9CB-03D7-4B3E-9B02-764D6A5F570E}.Release|Any CPU.ActiveCfg = Release|Any CPU
		{199BB9CB-03D7-4B3E-9B02-764D6A5F570E}.Release|Any CPU.Build.0 = Release|Any CPU
	EndGlobalSection
	GlobalSection(SolutionProperties) = preSolution
		HideSolutionNode = FALSE
	EndGlobalSection
	GlobalSection(ExtensibilityGlobals) = postSolution
		SolutionGuid = {8DC2BB85-F2E5-4F9E-BB9B-870D6A84FECE}
	EndGlobalSection
EndGlobal
